
Microsoft Visual Studio Solution File, Format Version 12.00
# Visual Studio 14
VisualStudioVersion = 14.0.25420.1
MinimumVisualStudioVersion = 10.0.40219.1
Project("{FAE04EC0-301F-11D3-BF4B-00C04F79EFBC}") = "VirtualTrader", "VirtualTrader\VirtualTrader.csproj", "{F850FD91-C460-4B0B-B662-4113C5A6C6A7}"
EndProject
Project("{FAE04EC0-301F-11D3-BF4B-00C04F79EFBC}") = "AbstractTrader", "AbstractTrader\AbstractTrader.csproj", "{6197BEB6-A10C-4D44-A322-6E2684855981}"
EndProject
Global
	GlobalSection(SolutionConfigurationPlatforms) = preSolution
		Debug|Any CPU = Debug|Any CPU
		Release|Any CPU = Release|Any CPU
	EndGlobalSection
	GlobalSection(ProjectConfigurationPlatforms) = postSolution
		{F850FD91-C460-4B0B-B662-4113C5A6C6A7}.Debug|Any CPU.ActiveCfg = Debug|Any CPU
		{F850FD91-C460-4B0B-B662-4113C5A6C6A7}.Debug|Any CPU.Build.0 = Debug|Any CPU
		{F850FD91-C460-4B0B-B662-4113C5A6C6A7}.Release|Any CPU.ActiveCfg = Release|Any CPU
		{F850FD91-C460-4B0B-B662-4113C5A6C6A7}.Release|Any CPU.Build.0 = Release|Any CPU
		{6197BEB6-A10C-4D44-A322-6E2684855981}.Debug|Any CPU.ActiveCfg = Debug|Any CPU
		{6197BEB6-A10C-4D44-A322-6E2684855981}.Debug|Any CPU.Build.0 = Debug|Any CPU
		{6197BEB6-A10C-4D44-A322-6E2684855981}.Release|Any CPU.ActiveCfg = Release|Any CPU
		{6197BEB6-A10C-4D44-A322-6E2684855981}.Release|Any CPU.Build.0 = Release|Any CPU
	EndGlobalSection
	GlobalSection(SolutionProperties) = preSolution
		HideSolutionNode = FALSE
	EndGlobalSection
EndGlobal
